
Microsoft Visual Studio Solution File, Format Version 12.00
# Visual Studio Version 17
VisualStudioVersion = 17.6.33723.286
MinimumVisualStudioVersion = 10.0.40219.1
Project("{FAE04EC0-301F-11D3-BF4B-00C04F79EFBC}") = "Module_11", "Module_11.csproj", "{ED30A425-8114-4E97-8E43-204966AA2282}"
EndProject
Global
	GlobalSection(SolutionConfigurationPlatforms) = preSolution
		Debug|Any CPU = Debug|Any CPU
		Release|Any CPU = Release|Any CPU
	EndGlobalSection
	GlobalSection(ProjectConfigurationPlatforms) = postSolution
		{ED30A425-8114-4E97-8E43-204966AA2282}.Debug|Any CPU.ActiveCfg = Debug|Any CPU
		{ED30A425-8114-4E97-8E43-204966AA2282}.Debug|Any CPU.Build.0 = Debug|Any CPU
		{ED30A425-8114-4E97-8E43-204966AA2282}.Release|Any CPU.ActiveCfg = Release|Any CPU
		{ED30A425-8114-4E97-8E43-204966AA2282}.Release|Any CPU.Build.0 = Release|Any CPU
	EndGlobalSection
	GlobalSection(SolutionProperties) = preSolution
		HideSolutionNode = FALSE
	EndGlobalSection
	GlobalSection(ExtensibilityGlobals) = postSolution
		SolutionGuid = {4F890AD3-2C99-48C6-9733-5D7022E56FA1}
	EndGlobalSection
EndGlobal
