
Microsoft Visual Studio Solution File, Format Version 12.00
# Visual Studio Version 17
VisualStudioVersion = 17.6.33723.286
MinimumVisualStudioVersion = 10.0.40219.1
Project("{FAE04EC0-301F-11D3-BF4B-00C04F79EFBC}") = "week7", "week7.csproj", "{F7BD9207-484C-47DC-883A-C0D191EE745A}"
EndProject
Global
	GlobalSection(SolutionConfigurationPlatforms) = preSolution
		Debug|Any CPU = Debug|Any CPU
		Release|Any CPU = Release|Any CPU
	EndGlobalSection
	GlobalSection(ProjectConfigurationPlatforms) = postSolution
		{F7BD9207-484C-47DC-883A-C0D191EE745A}.Debug|Any CPU.ActiveCfg = Debug|Any CPU
		{F7BD9207-484C-47DC-883A-C0D191EE745A}.Debug|Any CPU.Build.0 = Debug|Any CPU
		{F7BD9207-484C-47DC-883A-C0D191EE745A}.Release|Any CPU.ActiveCfg = Release|Any CPU
		{F7BD9207-484C-47DC-883A-C0D191EE745A}.Release|Any CPU.Build.0 = Release|Any CPU
	EndGlobalSection
	GlobalSection(SolutionProperties) = preSolution
		HideSolutionNode = FALSE
	EndGlobalSection
	GlobalSection(ExtensibilityGlobals) = postSolution
		SolutionGuid = {E7424093-D192-4CD8-8E3E-39297E5AAF70}
	EndGlobalSection
EndGlobal
