
Microsoft Visual Studio Solution File, Format Version 12.00
# Visual Studio Version 17
VisualStudioVersion = 17.6.33723.286
MinimumVisualStudioVersion = 10.0.40219.1
Project("{FAE04EC0-301F-11D3-BF4B-00C04F79EFBC}") = "Module_04", "Module_04.csproj", "{B1F01AD8-A65D-4870-8239-D199DD5FF87B}"
EndProject
Global
	GlobalSection(SolutionConfigurationPlatforms) = preSolution
		Debug|Any CPU = Debug|Any CPU
		Release|Any CPU = Release|Any CPU
	EndGlobalSection
	GlobalSection(ProjectConfigurationPlatforms) = postSolution
		{B1F01AD8-A65D-4870-8239-D199DD5FF87B}.Debug|Any CPU.ActiveCfg = Debug|Any CPU
		{B1F01AD8-A65D-4870-8239-D199DD5FF87B}.Debug|Any CPU.Build.0 = Debug|Any CPU
		{B1F01AD8-A65D-4870-8239-D199DD5FF87B}.Release|Any CPU.ActiveCfg = Release|Any CPU
		{B1F01AD8-A65D-4870-8239-D199DD5FF87B}.Release|Any CPU.Build.0 = Release|Any CPU
	EndGlobalSection
	GlobalSection(SolutionProperties) = preSolution
		HideSolutionNode = FALSE
	EndGlobalSection
	GlobalSection(ExtensibilityGlobals) = postSolution
		SolutionGuid = {91804DAB-4032-444D-B944-CE7BD90AE51C}
	EndGlobalSection
EndGlobal
