
Microsoft Visual Studio Solution File, Format Version 12.00
# Visual Studio Version 17
VisualStudioVersion = 17.6.33723.286
MinimumVisualStudioVersion = 10.0.40219.1
Project("{FAE04EC0-301F-11D3-BF4B-00C04F79EFBC}") = "Module_01", "Module_01.csproj", "{22FA6881-2154-45D5-946D-4C215F65CC19}"
EndProject
Global
	GlobalSection(SolutionConfigurationPlatforms) = preSolution
		Debug|Any CPU = Debug|Any CPU
		Release|Any CPU = Release|Any CPU
	EndGlobalSection
	GlobalSection(ProjectConfigurationPlatforms) = postSolution
		{22FA6881-2154-45D5-946D-4C215F65CC19}.Debug|Any CPU.ActiveCfg = Debug|Any CPU
		{22FA6881-2154-45D5-946D-4C215F65CC19}.Debug|Any CPU.Build.0 = Debug|Any CPU
		{22FA6881-2154-45D5-946D-4C215F65CC19}.Release|Any CPU.ActiveCfg = Release|Any CPU
		{22FA6881-2154-45D5-946D-4C215F65CC19}.Release|Any CPU.Build.0 = Release|Any CPU
	EndGlobalSection
	GlobalSection(SolutionProperties) = preSolution
		HideSolutionNode = FALSE
	EndGlobalSection
	GlobalSection(ExtensibilityGlobals) = postSolution
		SolutionGuid = {F238A9DA-477F-4C4F-98F7-37F7C14787F4}
	EndGlobalSection
EndGlobal
