
Microsoft Visual Studio Solution File, Format Version 12.00
# Visual Studio Version 17
VisualStudioVersion = 17.6.33723.286
MinimumVisualStudioVersion = 10.0.40219.1
Project("{FAE04EC0-301F-11D3-BF4B-00C04F79EFBC}") = "Divide&Rule", "Divide&Rule.csproj", "{A5DF2233-3B35-4A4B-99F6-B8A0E6E021AD}"
EndProject
Global
	GlobalSection(SolutionConfigurationPlatforms) = preSolution
		Debug|Any CPU = Debug|Any CPU
		Release|Any CPU = Release|Any CPU
	EndGlobalSection
	GlobalSection(ProjectConfigurationPlatforms) = postSolution
		{A5DF2233-3B35-4A4B-99F6-B8A0E6E021AD}.Debug|Any CPU.ActiveCfg = Debug|Any CPU
		{A5DF2233-3B35-4A4B-99F6-B8A0E6E021AD}.Debug|Any CPU.Build.0 = Debug|Any CPU
		{A5DF2233-3B35-4A4B-99F6-B8A0E6E021AD}.Release|Any CPU.ActiveCfg = Release|Any CPU
		{A5DF2233-3B35-4A4B-99F6-B8A0E6E021AD}.Release|Any CPU.Build.0 = Release|Any CPU
	EndGlobalSection
	GlobalSection(SolutionProperties) = preSolution
		HideSolutionNode = FALSE
	EndGlobalSection
	GlobalSection(ExtensibilityGlobals) = postSolution
		SolutionGuid = {F0E4691A-0F0F-43A8-9F8D-771FC670D24E}
	EndGlobalSection
EndGlobal
