
Microsoft Visual Studio Solution File, Format Version 12.00
# Visual Studio Version 17
VisualStudioVersion = 17.6.33723.286
MinimumVisualStudioVersion = 10.0.40219.1
Project("{FAE04EC0-301F-11D3-BF4B-00C04F79EFBC}") = "Module_10", "Module_10.csproj", "{6FC63A68-CBF0-45F7-9801-287D95EBFEA4}"
EndProject
Global
	GlobalSection(SolutionConfigurationPlatforms) = preSolution
		Debug|Any CPU = Debug|Any CPU
		Release|Any CPU = Release|Any CPU
	EndGlobalSection
	GlobalSection(ProjectConfigurationPlatforms) = postSolution
		{6FC63A68-CBF0-45F7-9801-287D95EBFEA4}.Debug|Any CPU.ActiveCfg = Debug|Any CPU
		{6FC63A68-CBF0-45F7-9801-287D95EBFEA4}.Debug|Any CPU.Build.0 = Debug|Any CPU
		{6FC63A68-CBF0-45F7-9801-287D95EBFEA4}.Release|Any CPU.ActiveCfg = Release|Any CPU
		{6FC63A68-CBF0-45F7-9801-287D95EBFEA4}.Release|Any CPU.Build.0 = Release|Any CPU
	EndGlobalSection
	GlobalSection(SolutionProperties) = preSolution
		HideSolutionNode = FALSE
	EndGlobalSection
	GlobalSection(ExtensibilityGlobals) = postSolution
		SolutionGuid = {E897870B-7CFF-4840-AC98-0C62148177BD}
	EndGlobalSection
EndGlobal
