
Microsoft Visual Studio Solution File, Format Version 12.00
# Visual Studio Version 17
VisualStudioVersion = 17.6.33723.286
MinimumVisualStudioVersion = 10.0.40219.1
Project("{FAE04EC0-301F-11D3-BF4B-00C04F79EFBC}") = "week1", "week1.csproj", "{B445CC7C-F4E5-440E-8579-6B25E30E3401}"
EndProject
Global
	GlobalSection(SolutionConfigurationPlatforms) = preSolution
		Debug|Any CPU = Debug|Any CPU
		Release|Any CPU = Release|Any CPU
	EndGlobalSection
	GlobalSection(ProjectConfigurationPlatforms) = postSolution
		{B445CC7C-F4E5-440E-8579-6B25E30E3401}.Debug|Any CPU.ActiveCfg = Debug|Any CPU
		{B445CC7C-F4E5-440E-8579-6B25E30E3401}.Debug|Any CPU.Build.0 = Debug|Any CPU
		{B445CC7C-F4E5-440E-8579-6B25E30E3401}.Release|Any CPU.ActiveCfg = Release|Any CPU
		{B445CC7C-F4E5-440E-8579-6B25E30E3401}.Release|Any CPU.Build.0 = Release|Any CPU
	EndGlobalSection
	GlobalSection(SolutionProperties) = preSolution
		HideSolutionNode = FALSE
	EndGlobalSection
	GlobalSection(ExtensibilityGlobals) = postSolution
		SolutionGuid = {D803CC7B-ACCC-4BE7-9CCE-7662B8BAB719}
	EndGlobalSection
EndGlobal
